
Microsoft Visual Studio Solution File, Format Version 12.00
Project("{FAE04EC0-301F-11D3-BF4B-00C04F79EFBC}") = "Domain", "Domain\Domain.csproj", "{8BE14BE1-9A95-4FE9-8DD7-38A616A31EFE}"
EndProject
Project("{FAE04EC0-301F-11D3-BF4B-00C04F79EFBC}") = "WebApplication", "WebApplication\WebApplication.csproj", "{A609BECA-BFF3-4371-8F82-3F1797675DDC}"
EndProject
Global
	GlobalSection(SolutionConfigurationPlatforms) = preSolution
		Debug|Any CPU = Debug|Any CPU
		Release|Any CPU = Release|Any CPU
	EndGlobalSection
	GlobalSection(ProjectConfigurationPlatforms) = postSolution
		{8BE14BE1-9A95-4FE9-8DD7-38A616A31EFE}.Debug|Any CPU.ActiveCfg = Debug|Any CPU
		{8BE14BE1-9A95-4FE9-8DD7-38A616A31EFE}.Debug|Any CPU.Build.0 = Debug|Any CPU
		{8BE14BE1-9A95-4FE9-8DD7-38A616A31EFE}.Release|Any CPU.ActiveCfg = Release|Any CPU
		{8BE14BE1-9A95-4FE9-8DD7-38A616A31EFE}.Release|Any CPU.Build.0 = Release|Any CPU
		{A609BECA-BFF3-4371-8F82-3F1797675DDC}.Debug|Any CPU.ActiveCfg = Debug|Any CPU
		{A609BECA-BFF3-4371-8F82-3F1797675DDC}.Debug|Any CPU.Build.0 = Debug|Any CPU
		{A609BECA-BFF3-4371-8F82-3F1797675DDC}.Release|Any CPU.ActiveCfg = Release|Any CPU
		{A609BECA-BFF3-4371-8F82-3F1797675DDC}.Release|Any CPU.Build.0 = Release|Any CPU
	EndGlobalSection
EndGlobal
